
Microsoft Visual Studio Solution File, Format Version 12.00
# Visual Studio Version 17
VisualStudioVersion = 17.9.34622.214
MinimumVisualStudioVersion = 10.0.40219.1
Project("{8BC9CEB8-8B4A-11D0-8D11-00A0C91BC942}") = "Task4_Sort", "Task4_Sort.vcxproj", "{17F7E9B5-4829-4434-9CAF-B25B63E5FEDA}"
EndProject
Project("{8BC9CEB8-8B4A-11D0-8D11-00A0C91BC942}") = "SortLib", "SortLib\SortLib.vcxproj", "{720E0B64-E80B-480F-A447-E76763456E36}"
EndProject
Project("{8BC9CEB8-8B4A-11D0-8D11-00A0C91BC942}") = "BubbleSortTests", "BubbleSortTests\BubbleSortTests.vcxproj", "{BD9B32AC-5757-4A42-AB01-2C6B8F36DD16}"
EndProject
Global
	GlobalSection(SolutionConfigurationPlatforms) = preSolution
		Debug|x64 = Debug|x64
		Debug|x86 = Debug|x86
		Release|x64 = Release|x64
		Release|x86 = Release|x86
	EndGlobalSection
	GlobalSection(ProjectConfigurationPlatforms) = postSolution
		{17F7E9B5-4829-4434-9CAF-B25B63E5FEDA}.Debug|x64.ActiveCfg = Debug|x64
		{17F7E9B5-4829-4434-9CAF-B25B63E5FEDA}.Debug|x64.Build.0 = Debug|x64
		{17F7E9B5-4829-4434-9CAF-B25B63E5FEDA}.Debug|x86.ActiveCfg = Debug|Win32
		{17F7E9B5-4829-4434-9CAF-B25B63E5FEDA}.Debug|x86.Build.0 = Debug|Win32
		{17F7E9B5-4829-4434-9CAF-B25B63E5FEDA}.Release|x64.ActiveCfg = Release|x64
		{17F7E9B5-4829-4434-9CAF-B25B63E5FEDA}.Release|x64.Build.0 = Release|x64
		{17F7E9B5-4829-4434-9CAF-B25B63E5FEDA}.Release|x86.ActiveCfg = Release|Win32
		{17F7E9B5-4829-4434-9CAF-B25B63E5FEDA}.Release|x86.Build.0 = Release|Win32
		{720E0B64-E80B-480F-A447-E76763456E36}.Debug|x64.ActiveCfg = Debug|x64
		{720E0B64-E80B-480F-A447-E76763456E36}.Debug|x64.Build.0 = Debug|x64
		{720E0B64-E80B-480F-A447-E76763456E36}.Debug|x86.ActiveCfg = Debug|Win32
		{720E0B64-E80B-480F-A447-E76763456E36}.Debug|x86.Build.0 = Debug|Win32
		{720E0B64-E80B-480F-A447-E76763456E36}.Release|x64.ActiveCfg = Release|x64
		{720E0B64-E80B-480F-A447-E76763456E36}.Release|x64.Build.0 = Release|x64
		{720E0B64-E80B-480F-A447-E76763456E36}.Release|x86.ActiveCfg = Release|Win32
		{720E0B64-E80B-480F-A447-E76763456E36}.Release|x86.Build.0 = Release|Win32
		{BD9B32AC-5757-4A42-AB01-2C6B8F36DD16}.Debug|x64.ActiveCfg = Debug|x64
		{BD9B32AC-5757-4A42-AB01-2C6B8F36DD16}.Debug|x64.Build.0 = Debug|x64
		{BD9B32AC-5757-4A42-AB01-2C6B8F36DD16}.Debug|x86.ActiveCfg = Debug|Win32
		{BD9B32AC-5757-4A42-AB01-2C6B8F36DD16}.Debug|x86.Build.0 = Debug|Win32
		{BD9B32AC-5757-4A42-AB01-2C6B8F36DD16}.Release|x64.ActiveCfg = Release|x64
		{BD9B32AC-5757-4A42-AB01-2C6B8F36DD16}.Release|x64.Build.0 = Release|x64
		{BD9B32AC-5757-4A42-AB01-2C6B8F36DD16}.Release|x86.ActiveCfg = Release|Win32
		{BD9B32AC-5757-4A42-AB01-2C6B8F36DD16}.Release|x86.Build.0 = Release|Win32
	EndGlobalSection
	GlobalSection(SolutionProperties) = preSolution
		HideSolutionNode = FALSE
	EndGlobalSection
	GlobalSection(ExtensibilityGlobals) = postSolution
		SolutionGuid = {22BDF75B-9E01-4F16-93EE-837CDABDEBAE}
	EndGlobalSection
EndGlobal
